PODS:
  - TQIExtract (1.0.0):
    - VFNetwork
  - VFNetwork (1.4.1)

DEPENDENCIES:
  - TQIExtract (from `../`)

SPEC REPOS:
  trunk:
    - VFNetwork

EXTERNAL SOURCES:
  TQIExtract:
    :path: "../"

SPEC CHECKSUMS:
  TQIExtract: a9a75fae13b7f9abe8bfbbca12ca510d26c897b0
  VFNetwork: 2070046bcd8b7e766affc3d1a4cd7729c3b38880

PODFILE CHECKSUM: 79b8bded9b29b0ccb3bd80af0e386295f824d428

COCOAPODS: 1.11.2
