PODS:
  - TQIExtract (1.0.0):
    - VFNetwork
  - VFNetwork (1.4.1)

DEPENDENCIES:
  - TQIExtract (from `../`)

SPEC REPOS:
  trunk:
    - VFNetwork

EXTERNAL SOURCES:
  TQIExtract:
    :path: "../"

SPEC CHECKSUMS:
  TQIExtract: 66b4e90fbe5bfc96b22caf8e80d0a7ae0465df1b
  VFNetwork: 2070046bcd8b7e766affc3d1a4cd7729c3b38880

PODFILE CHECKSUM: 364f36de54c50948163b2bd5952fe6f386f8fff9

COCOAPODS: 1.11.2
